
Microsoft Visual Studio Solution File, Format Version 12.00
# Visual Studio 14
VisualStudioVersion = 14.0.25420.1
MinimumVisualStudioVersion = 10.0.40219.1
Project("{FAE04EC0-301F-11D3-BF4B-00C04F79EFBC}") = "ISCAE.Data", "ISCAE.Data\ISCAE.Data.csproj", "{477067F5-EBAB-4C99-B27E-EDBC932138C4}"
EndProject
Project("{FAE04EC0-301F-11D3-BF4B-00C04F79EFBC}") = "ISCAE.Business", "ISCAE.Business\ISCAE.Business.csproj", "{67E82A79-1326-4B0E-AC1F-6EE55ACAEB3F}"
EndProject
Global
	GlobalSection(SolutionConfigurationPlatforms) = preSolution
		Debug|Any CPU = Debug|Any CPU
		Release|Any CPU = Release|Any CPU
	EndGlobalSection
	GlobalSection(ProjectConfigurationPlatforms) = postSolution
		{477067F5-EBAB-4C99-B27E-EDBC932138C4}.Debug|Any CPU.ActiveCfg = Debug|Any CPU
		{477067F5-EBAB-4C99-B27E-EDBC932138C4}.Debug|Any CPU.Build.0 = Debug|Any CPU
		{477067F5-EBAB-4C99-B27E-EDBC932138C4}.Release|Any CPU.ActiveCfg = Release|Any CPU
		{477067F5-EBAB-4C99-B27E-EDBC932138C4}.Release|Any CPU.Build.0 = Release|Any CPU
		{67E82A79-1326-4B0E-AC1F-6EE55ACAEB3F}.Debug|Any CPU.ActiveCfg = Debug|Any CPU
		{67E82A79-1326-4B0E-AC1F-6EE55ACAEB3F}.Debug|Any CPU.Build.0 = Debug|Any CPU
		{67E82A79-1326-4B0E-AC1F-6EE55ACAEB3F}.Release|Any CPU.ActiveCfg = Release|Any CPU
		{67E82A79-1326-4B0E-AC1F-6EE55ACAEB3F}.Release|Any CPU.Build.0 = Release|Any CPU
	EndGlobalSection
	GlobalSection(SolutionProperties) = preSolution
		HideSolutionNode = FALSE
	EndGlobalSection
EndGlobal
